github.com/BurntSushi/toml v1.3.0 h1:Ws8e5YmnrGEHzZEzg0YvK/7COGYtTC5PbaH9oSSbgfA=
github.com/BurntSushi/toml v1.3.0/go.mod h1:CxXYINrC8qIiEnFrOxCa7Jy5BFHlXnUU2pbicEuybxQ=
github.com/hashicorp/golang-lru/v2 v2.0.2 h1:Dwmkdr5Nc/oBiXgJS3CDHNhJtIHkuZ3DZF5twqnfBdU=
github.com/hashicorp/golang-lru/v2 v2.0.2/go.mod h1:QeFd9opnmA6QUJc5vARoKUSoFhyfM2/ZepoAG6RGpeM=
github.com/yuin/goldmark v1.5.4 h1:2uY/xC0roWy8IBEGLgB1ywIoEJFGmRrX21YQcvGZzjU=
github.com/yuin/goldmark v1.5.4/go.mod h1:6yULJ656Px+3vBD8DxQVa3kxgyrAnzto9xy5taEt/CY=
golang.org/x/exp v0.0.0-20230510235704-dd950f8aeaea h1:vLCWI/yYrdEHyN2JzIzPO3aaQJHQdp89IZBA/+azVC4=
golang.org/x/exp v0.0.0-20230510235704-dd950f8aeaea/go.mod h1:V1LtkGg67GoY2N1AnLN78QLrzxkLyJw7RJb1gzOOz9w=
golang.org/x/net v0.8.0 h1:Zrh2ngAOFYneWTAIAPethzeaQLuHwhuBkuV6ZiRnUaQ=
golang.org/x/net v0.8.0/go.mod h1:QVkue5JL9kW//ek3r6jTKnTFis1tRmNAW2P1shuFdJc=
golang.org/x/sync v0.2.0 h1:PUR+T4wwASmuSTYdKjYHI5TD22Wy5ogLU5qZCOLxBrI=
golang.org/x/sync v0.2.0/go.mod h1:RxMgew5VJxzue5/jJTE5uejpjVlOe/izrB70Jof72aM=
golang.org/x/sys v0.6.0 h1:MVltZSvRTcU2ljQOhs94SXPftV6DCNnZViHeQps87pQ=
golang.org/x/sys v0.6.0/go.mod h1:oPkhp1MJrh7nUepCBck5+mAzfO9JrbApNNgaTdGDITg=
golang.org/x/term v0.6.0 h1:clScbb1cHjoCkyRbWwBEUZ5H/tIFu5TAXIqaZD0Gcjw=
golang.org/x/term v0.6.0/go.mod h1:m6U89DPEgQRMq3DNkDClhWw02AUbt2daBVO4cn4Hv9U=
